// !$*UTF8*$!
{
	archiveVersion = 1;
	classes = {
	};
	objectVersion = 50;
	objects = {

/* Begin PBXBuildFile section */
		5B139E6723B777F800BE73E7 /* AppDelegate.swift in Sources */ = {isa = PBXBuildFile; fileRef = 5B139E6623B777F800BE73E7 /* AppDelegate.swift */; };
		5B139E6923B777F800BE73E7 /* CardsViewerViewController.swift in Sources */ = {isa = PBXBuildFile; fileRef = 5B139E6823B777F800BE73E7 /* CardsViewerViewController.swift */; };
		5B139E6E23B777FA00BE73E7 /* Assets.xcassets in Resources */ = {isa = PBXBuildFile; fileRef = 5B139E6D23B777FA00BE73E7 /* Assets.xcassets */; };
		5B139E7123B777FA00BE73E7 /* LaunchScreen.storyboard in Resources */ = {isa = PBXBuildFile; fileRef = 5B139E6F23B777FA00BE73E7 /* LaunchScreen.storyboard */; };
		5B139E7B23B7850500BE73E7 /* TopMenuView.swift in Sources */ = {isa = PBXBuildFile; fileRef = 5B139E7A23B7850500BE73E7 /* TopMenuView.swift */; };
		5B139E7D23B7851700BE73E7 /* BottomMenuView.swift in Sources */ = {isa = PBXBuildFile; fileRef = 5B139E7C23B7851700BE73E7 /* BottomMenuView.swift */; };
		5B139E7F23B7853000BE73E7 /* CardView.swift in Sources */ = {isa = PBXBuildFile; fileRef = 5B139E7E23B7853000BE73E7 /* CardView.swift */; };
		5B139E8123B7873200BE73E7 /* UIView + Extensions.swift in Sources */ = {isa = PBXBuildFile; fileRef = 5B139E8023B7873200BE73E7 /* UIView + Extensions.swift */; };
		5B19E00823BA4A9100E90F56 /* DogProfile.swift in Sources */ = {isa = PBXBuildFile; fileRef = 5B19E00723BA4A9100E90F56 /* DogProfile.swift */; };
		5B244CA623BF9AB60099B975 /* UIStackView + Extensions.swift in Sources */ = {isa = PBXBuildFile; fileRef = 5B244CA523BF9AB60099B975 /* UIStackView + Extensions.swift */; };
		5B2DBA7523B9DA5900BACB52 /* CardsStackView.swift in Sources */ = {isa = PBXBuildFile; fileRef = 5B2DBA7423B9DA5900BACB52 /* CardsStackView.swift */; };
		5B37744323CE75FA00698427 /* PhotoImagePicker.swift in Sources */ = {isa = PBXBuildFile; fileRef = 5B37744223CE75FA00698427 /* PhotoImagePicker.swift */; };
		5B37744523CE767400698427 /* PhotoSelectorButton.swift in Sources */ = {isa = PBXBuildFile; fileRef = 5B37744423CE767400698427 /* PhotoSelectorButton.swift */; };
		5B37744723CE769A00698427 /* PhotosSelectorViewController.swift in Sources */ = {isa = PBXBuildFile; fileRef = 5B37744623CE769A00698427 /* PhotosSelectorViewController.swift */; };
		5B5AD28123C8BF3C00D5B6D7 /* ProfileViewerViewController.swift in Sources */ = {isa = PBXBuildFile; fileRef = 5B5AD28023C8BF3C00D5B6D7 /* ProfileViewerViewController.swift */; };
		5B746EF923C8C56600063374 /* UILabel + Extensions.swift in Sources */ = {isa = PBXBuildFile; fileRef = 5B746EF823C8C56600063374 /* UILabel + Extensions.swift */; };
		5B746EFB23C8C94000063374 /* ProfileViewModel.swift in Sources */ = {isa = PBXBuildFile; fileRef = 5B746EFA23C8C94000063374 /* ProfileViewModel.swift */; };
		5B7FFBC723C2A442009D2854 /* MenuButton.swift in Sources */ = {isa = PBXBuildFile; fileRef = 5B7FFBC623C2A442009D2854 /* MenuButton.swift */; };
		5B7FFBCC23C2AABC009D2854 /* ProfileEditorViewController.swift in Sources */ = {isa = PBXBuildFile; fileRef = 5B7FFBCB23C2AABC009D2854 /* ProfileEditorViewController.swift */; };
		5B7FFBCF23C2ACF2009D2854 /* ProfileEditorNavigationController.swift in Sources */ = {isa = PBXBuildFile; fileRef = 5B7FFBCE23C2ACF2009D2854 /* ProfileEditorNavigationController.swift */; };
		5B8B1D8D23B7C57F00543F20 /* CatProfile.swift in Sources */ = {isa = PBXBuildFile; fileRef = 5B8B1D8C23B7C57F00543F20 /* CatProfile.swift */; };
		5B8B1D8F23B7C59000543F20 /* CatBreed.swift in Sources */ = {isa = PBXBuildFile; fileRef = 5B8B1D8E23B7C59000543F20 /* CatBreed.swift */; };
		5B8FB3D923BE946600041B23 /* CardViewModel.swift in Sources */ = {isa = PBXBuildFile; fileRef = 5B8FB3D823BE946600041B23 /* CardViewModel.swift */; };
		5B96C7FD23BE713A00BFB4D0 /* Angle.swift in Sources */ = {isa = PBXBuildFile; fileRef = 5B96C7FC23BE713A00BFB4D0 /* Angle.swift */; };
		5BC68D5C23BF29E500DE9E82 /* CustomPageControl.swift in Sources */ = {isa = PBXBuildFile; fileRef = 5BC68D5B23BF29E500DE9E82 /* CustomPageControl.swift */; };
		5BD8BE9423C686CB00D9943B /* Profile.swift in Sources */ = {isa = PBXBuildFile; fileRef = 5BD8BE9323C686CB00D9943B /* Profile.swift */; };
		5BD8BE9623C687C900D9943B /* DataManager.swift in Sources */ = {isa = PBXBuildFile; fileRef = 5BD8BE9523C687C900D9943B /* DataManager.swift */; };
		5BFC059923C54954005C7FC1 /* ProfileEditorFieldTableViewCell.swift in Sources */ = {isa = PBXBuildFile; fileRef = 5BFC059823C54954005C7FC1 /* ProfileEditorFieldTableViewCell.swift */; };
/* End PBXBuildFile section */

/* Begin PBXFileReference section */
		5B139E6323B777F800BE73E7 /* Catinder.app */ = {isa = PBXFileReference; explicitFileType = wrapper.application; includeInIndex = 0; path = Catinder.app; sourceTree = BUILT_PRODUCTS_DIR; };
		5B139E6623B777F800BE73E7 /* AppDelegate.swift */ = {isa = PBXFileReference; lastKnownFileType = sourcecode.swift; path = AppDelegate.swift; sourceTree = "<group>"; };
		5B139E6823B777F800BE73E7 /* CardsViewerViewController.swift */ = {isa = PBXFileReference; lastKnownFileType = sourcecode.swift; path = CardsViewerViewController.swift; sourceTree = "<group>"; };
		5B139E6D23B777FA00BE73E7 /* Assets.xcassets */ = {isa = PBXFileReference; lastKnownFileType = folder.assetcatalog; path = Assets.xcassets; sourceTree = "<group>"; };
		5B139E7023B777FA00BE73E7 /* Base */ = {isa = PBXFileReference; lastKnownFileType = file.storyboard; name = Base; path = Base.lproj/LaunchScreen.storyboard; sourceTree = "<group>"; };
		5B139E7223B777FA00BE73E7 /* Info.plist */ = {isa = PBXFileReference; lastKnownFileType = text.plist.xml; path = Info.plist; sourceTree = "<group>"; };
		5B139E7A23B7850500BE73E7 /* TopMenuView.swift */ = {isa = PBXFileReference; lastKnownFileType = sourcecode.swift; path = TopMenuView.swift; sourceTree = "<group>"; };
		5B139E7C23B7851700BE73E7 /* BottomMenuView.swift */ = {isa = PBXFileReference; lastKnownFileType = sourcecode.swift; path = BottomMenuView.swift; sourceTree = "<group>"; };
		5B139E7E23B7853000BE73E7 /* CardView.swift */ = {isa = PBXFileReference; lastKnownFileType = sourcecode.swift; path = CardView.swift; sourceTree = "<group>"; };
		5B139E8023B7873200BE73E7 /* UIView + Extensions.swift */ = {isa = PBXFileReference; lastKnownFileType = sourcecode.swift; path = "UIView + Extensions.swift"; sourceTree = "<group>"; };
		5B19E00723BA4A9100E90F56 /* DogProfile.swift */ = {isa = PBXFileReference; lastKnownFileType = sourcecode.swift; path = DogProfile.swift; sourceTree = "<group>"; };
		5B244CA523BF9AB60099B975 /* UIStackView + Extensions.swift */ = {isa = PBXFileReference; lastKnownFileType = sourcecode.swift; path = "UIStackView + Extensions.swift"; sourceTree = "<group>"; };
		5B2DBA7423B9DA5900BACB52 /* CardsStackView.swift */ = {isa = PBXFileReference; lastKnownFileType = sourcecode.swift; path = CardsStackView.swift; sourceTree = "<group>"; };
		5B37744223CE75FA00698427 /* PhotoImagePicker.swift */ = {isa = PBXFileReference; lastKnownFileType = sourcecode.swift; path = PhotoImagePicker.swift; sourceTree = "<group>"; };
		5B37744423CE767400698427 /* PhotoSelectorButton.swift */ = {isa = PBXFileReference; lastKnownFileType = sourcecode.swift; path = PhotoSelectorButton.swift; sourceTree = "<group>"; };
		5B37744623CE769A00698427 /* PhotosSelectorViewController.swift */ = {isa = PBXFileReference; lastKnownFileType = sourcecode.swift; path = PhotosSelectorViewController.swift; sourceTree = "<group>"; };
		5B5AD28023C8BF3C00D5B6D7 /* ProfileViewerViewController.swift */ = {isa = PBXFileReference; lastKnownFileType = sourcecode.swift; path = ProfileViewerViewController.swift; sourceTree = "<group>"; };
		5B746EF823C8C56600063374 /* UILabel + Extensions.swift */ = {isa = PBXFileReference; fileEncoding = 4; lastKnownFileType = sourcecode.swift; path = "UILabel + Extensions.swift"; sourceTree = "<group>"; };
		5B746EFA23C8C94000063374 /* ProfileViewModel.swift */ = {isa = PBXFileReference; lastKnownFileType = sourcecode.swift; path = ProfileViewModel.swift; sourceTree = "<group>"; };
		5B7FFBC623C2A442009D2854 /* MenuButton.swift */ = {isa = PBXFileReference; lastKnownFileType = sourcecode.swift; path = MenuButton.swift; sourceTree = "<group>"; };
		5B7FFBCB23C2AABC009D2854 /* ProfileEditorViewController.swift */ = {isa = PBXFileReference; lastKnownFileType = sourcecode.swift; path = ProfileEditorViewController.swift; sourceTree = "<group>"; };
		5B7FFBCE23C2ACF2009D2854 /* ProfileEditorNavigationController.swift */ = {isa = PBXFileReference; lastKnownFileType = sourcecode.swift; path = ProfileEditorNavigationController.swift; sourceTree = "<group>"; };
		5B8B1D8C23B7C57F00543F20 /* CatProfile.swift */ = {isa = PBXFileReference; lastKnownFileType = sourcecode.swift; path = CatProfile.swift; sourceTree = "<group>"; };
		5B8B1D8E23B7C59000543F20 /* CatBreed.swift */ = {isa = PBXFileReference; lastKnownFileType = sourcecode.swift; path = CatBreed.swift; sourceTree = "<group>"; };
		5B8FB3D823BE946600041B23 /* CardViewModel.swift */ = {isa = PBXFileReference; lastKnownFileType = sourcecode.swift; path = CardViewModel.swift; sourceTree = "<group>"; };
		5B96C7FC23BE713A00BFB4D0 /* Angle.swift */ = {isa = PBXFileReference; lastKnownFileType = sourcecode.swift; path = Angle.swift; sourceTree = "<group>"; };
		5BC68D5B23BF29E500DE9E82 /* CustomPageControl.swift */ = {isa = PBXFileReference; lastKnownFileType = sourcecode.swift; path = CustomPageControl.swift; sourceTree = "<group>"; };
		5BD8BE9323C686CB00D9943B /* Profile.swift */ = {isa = PBXFileReference; lastKnownFileType = sourcecode.swift; path = Profile.swift; sourceTree = "<group>"; };
		5BD8BE9523C687C900D9943B /* DataManager.swift */ = {isa = PBXFileReference; lastKnownFileType = sourcecode.swift; path = DataManager.swift; sourceTree = "<group>"; };
		5BFC059823C54954005C7FC1 /* ProfileEditorFieldTableViewCell.swift */ = {isa = PBXFileReference; lastKnownFileType = sourcecode.swift; path = ProfileEditorFieldTableViewCell.swift; sourceTree = "<group>"; };
/* End PBXFileReference section */

/* Begin PBXFrameworksBuildPhase section */
		5B139E6023B777F800BE73E7 /* Frameworks */ = {
			isa = PBXFrameworksBuildPhase;
			buildActionMask = 2147483647;
			files = (
			);
			runOnlyForDeploymentPostprocessing = 0;
		};
/* End PBXFrameworksBuildPhase section */

/* Begin PBXGroup section */
		5B0AE63323C7B686009BA91B /* Menu */ = {
			isa = PBXGroup;
			children = (
				5B139E7A23B7850500BE73E7 /* TopMenuView.swift */,
				5B139E7C23B7851700BE73E7 /* BottomMenuView.swift */,
			);
			path = Menu;
			sourceTree = "<group>";
		};
		5B139E5A23B777F800BE73E7 = {
			isa = PBXGroup;
			children = (
				5B139E6523B777F800BE73E7 /* Catinder */,
				5B139E6423B777F800BE73E7 /* Products */,
			);
			sourceTree = "<group>";
		};
		5B139E6423B777F800BE73E7 /* Products */ = {
			isa = PBXGroup;
			children = (
				5B139E6323B777F800BE73E7 /* Catinder.app */,
			);
			name = Products;
			sourceTree = "<group>";
		};
		5B139E6523B777F800BE73E7 /* Catinder */ = {
			isa = PBXGroup;
			children = (
				5B139E6623B777F800BE73E7 /* AppDelegate.swift */,
				5B8B1D9023B7C5A100543F20 /* Models */,
				5B7FFBC923C2A909009D2854 /* ViewModels */,
				5B139E7823B784E200BE73E7 /* ViewControllers */,
				5BD8BE9723C687F800D9943B /* Managers */,
				5B139E6D23B777FA00BE73E7 /* Assets.xcassets */,
				5B139E6F23B777FA00BE73E7 /* LaunchScreen.storyboard */,
				5B139E7223B777FA00BE73E7 /* Info.plist */,
				5B139E8223B7875D00BE73E7 /* Helpers */,
			);
			path = Catinder;
			sourceTree = "<group>";
		};
		5B139E7823B784E200BE73E7 /* ViewControllers */ = {
			isa = PBXGroup;
			children = (
				5B139E7923B784F500BE73E7 /* CardsViewer */,
				5B7FFBCD23C2AAC3009D2854 /* ProfileEditor */,
				5B5AD28223C8C0F700D5B6D7 /* ProfileViewer */,
			);
			path = ViewControllers;
			sourceTree = "<group>";
		};
		5B139E7923B784F500BE73E7 /* CardsViewer */ = {
			isa = PBXGroup;
			children = (
				5B139E6823B777F800BE73E7 /* CardsViewerViewController.swift */,
				5B0AE63323C7B686009BA91B /* Menu */,
				5B7FFBCA23C2A969009D2854 /* CardsStack */,
			);
			path = CardsViewer;
			sourceTree = "<group>";
		};
		5B139E8223B7875D00BE73E7 /* Helpers */ = {
			isa = PBXGroup;
			children = (
				5B7FFBC823C2A56F009D2854 /* Custom UI */,
				5B139E8023B7873200BE73E7 /* UIView + Extensions.swift */,
				5B746EF823C8C56600063374 /* UILabel + Extensions.swift */,
				5B244CA523BF9AB60099B975 /* UIStackView + Extensions.swift */,
				5B96C7FC23BE713A00BFB4D0 /* Angle.swift */,
			);
			path = Helpers;
			sourceTree = "<group>";
		};
		5B37744823CE772400698427 /* PhotosSelector */ = {
			isa = PBXGroup;
			children = (
				5B37744623CE769A00698427 /* PhotosSelectorViewController.swift */,
				5B37744423CE767400698427 /* PhotoSelectorButton.swift */,
				5B37744223CE75FA00698427 /* PhotoImagePicker.swift */,
			);
			path = PhotosSelector;
			sourceTree = "<group>";
		};
		5B5AD28223C8C0F700D5B6D7 /* ProfileViewer */ = {
			isa = PBXGroup;
			children = (
				5B5AD28023C8BF3C00D5B6D7 /* ProfileViewerViewController.swift */,
			);
			path = ProfileViewer;
			sourceTree = "<group>";
		};
		5B7FFBC823C2A56F009D2854 /* Custom UI */ = {
			isa = PBXGroup;
			children = (
				5BC68D5B23BF29E500DE9E82 /* CustomPageControl.swift */,
				5B7FFBC623C2A442009D2854 /* MenuButton.swift */,
			);
			path = "Custom UI";
			sourceTree = "<group>";
		};
		5B7FFBC923C2A909009D2854 /* ViewModels */ = {
			isa = PBXGroup;
			children = (
				5B8FB3D823BE946600041B23 /* CardViewModel.swift */,
				5B746EFA23C8C94000063374 /* ProfileViewModel.swift */,
			);
			path = ViewModels;
			sourceTree = "<group>";
		};
		5B7FFBCA23C2A969009D2854 /* CardsStack */ = {
			isa = PBXGroup;
			children = (
				5B2DBA7423B9DA5900BACB52 /* CardsStackView.swift */,
				5B139E7E23B7853000BE73E7 /* CardView.swift */,
			);
			path = CardsStack;
			sourceTree = "<group>";
		};
		5B7FFBCD23C2AAC3009D2854 /* ProfileEditor */ = {
			isa = PBXGroup;
			children = (
				5B7FFBCE23C2ACF2009D2854 /* ProfileEditorNavigationController.swift */,
				5B7FFBCB23C2AABC009D2854 /* ProfileEditorViewController.swift */,
				5BFC059823C54954005C7FC1 /* ProfileEditorFieldTableViewCell.swift */,
				5B37744823CE772400698427 /* PhotosSelector */,
			);
			path = ProfileEditor;
			sourceTree = "<group>";
		};
		5B8B1D9023B7C5A100543F20 /* Models */ = {
			isa = PBXGroup;
			children = (
				5BD8BE9323C686CB00D9943B /* Profile.swift */,
				5B8B1D8C23B7C57F00543F20 /* CatProfile.swift */,
				5B8B1D8E23B7C59000543F20 /* CatBreed.swift */,
				5B19E00723BA4A9100E90F56 /* DogProfile.swift */,
			);
			path = Models;
			sourceTree = "<group>";
		};
		5BD8BE9723C687F800D9943B /* Managers */ = {
			isa = PBXGroup;
			children = (
				5BD8BE9523C687C900D9943B /* DataManager.swift */,
			);
			path = Managers;
			sourceTree = "<group>";
		};
/* End PBXGroup section */

/* Begin PBXNativeTarget section */
		5B139E6223B777F800BE73E7 /* Catinder */ = {
			isa = PBXNativeTarget;
			buildConfigurationList = 5B139E7523B777FA00BE73E7 /* Build configuration list for PBXNativeTarget "Catinder" */;
			buildPhases = (
				5B139E5F23B777F800BE73E7 /* Sources */,
				5B139E6023B777F800BE73E7 /* Frameworks */,
				5B139E6123B777F800BE73E7 /* Resources */,
			);
			buildRules = (
			);
			dependencies = (
			);
			name = Catinder;
			productName = Catinder;
			productReference = 5B139E6323B777F800BE73E7 /* Catinder.app */;
			productType = "com.apple.product-type.application";
		};
/* End PBXNativeTarget section */

/* Begin PBXProject section */
		5B139E5B23B777F800BE73E7 /* Project object */ = {
			isa = PBXProject;
			attributes = {
				LastSwiftUpdateCheck = 1020;
				LastUpgradeCheck = 1020;
				ORGANIZATIONNAME = "Aleksey Paykachev";
				TargetAttributes = {
					5B139E6223B777F800BE73E7 = {
						CreatedOnToolsVersion = 10.2.1;
					};
				};
			};
			buildConfigurationList = 5B139E5E23B777F800BE73E7 /* Build configuration list for PBXProject "Catinder" */;
			compatibilityVersion = "Xcode 9.3";
			developmentRegion = en;
			hasScannedForEncodings = 0;
			knownRegions = (
				en,
				Base,
			);
			mainGroup = 5B139E5A23B777F800BE73E7;
			productRefGroup = 5B139E6423B777F800BE73E7 /* Products */;
			projectDirPath = "";
			projectRoot = "";
			targets = (
				5B139E6223B777F800BE73E7 /* Catinder */,
			);
		};
/* End PBXProject section */

/* Begin PBXResourcesBuildPhase section */
		5B139E6123B777F800BE73E7 /* Resources */ = {
			isa = PBXResourcesBuildPhase;
			buildActionMask = 2147483647;
			files = (
				5B139E7123B777FA00BE73E7 /* LaunchScreen.storyboard in Resources */,
				5B139E6E23B777FA00BE73E7 /* Assets.xcassets in Resources */,
			);
			runOnlyForDeploymentPostprocessing = 0;
		};
/* End PBXResourcesBuildPhase section */

/* Begin PBXSourcesBuildPhase section */
		5B139E5F23B777F800BE73E7 /* Sources */ = {
			isa = PBXSourcesBuildPhase;
			buildActionMask = 2147483647;
			files = (
				5B19E00823BA4A9100E90F56 /* DogProfile.swift in Sources */,
				5BD8BE9423C686CB00D9943B /* Profile.swift in Sources */,
				5B139E7D23B7851700BE73E7 /* BottomMenuView.swift in Sources */,
				5B7FFBC723C2A442009D2854 /* MenuButton.swift in Sources */,
				5B37744323CE75FA00698427 /* PhotoImagePicker.swift in Sources */,
				5B37744523CE767400698427 /* PhotoSelectorButton.swift in Sources */,
				5B2DBA7523B9DA5900BACB52 /* CardsStackView.swift in Sources */,
				5B7FFBCC23C2AABC009D2854 /* ProfileEditorViewController.swift in Sources */,
				5B8B1D8D23B7C57F00543F20 /* CatProfile.swift in Sources */,
				5B7FFBCF23C2ACF2009D2854 /* ProfileEditorNavigationController.swift in Sources */,
				5BFC059923C54954005C7FC1 /* ProfileEditorFieldTableViewCell.swift in Sources */,
				5B139E7B23B7850500BE73E7 /* TopMenuView.swift in Sources */,
				5BD8BE9623C687C900D9943B /* DataManager.swift in Sources */,
				5B8B1D8F23B7C59000543F20 /* CatBreed.swift in Sources */,
				5B746EF923C8C56600063374 /* UILabel + Extensions.swift in Sources */,
				5B96C7FD23BE713A00BFB4D0 /* Angle.swift in Sources */,
				5B139E6923B777F800BE73E7 /* CardsViewerViewController.swift in Sources */,
				5B746EFB23C8C94000063374 /* ProfileViewModel.swift in Sources */,
				5B5AD28123C8BF3C00D5B6D7 /* ProfileViewerViewController.swift in Sources */,
				5B8FB3D923BE946600041B23 /* CardViewModel.swift in Sources */,
				5B37744723CE769A00698427 /* PhotosSelectorViewController.swift in Sources */,
				5B244CA623BF9AB60099B975 /* UIStackView + Extensions.swift in Sources */,
				5B139E6723B777F800BE73E7 /* AppDelegate.swift in Sources */,
				5B139E8123B7873200BE73E7 /* UIView + Extensions.swift in Sources */,
				5B139E7F23B7853000BE73E7 /* CardView.swift in Sources */,
				5BC68D5C23BF29E500DE9E82 /* CustomPageControl.swift in Sources */,
			);
			runOnlyForDeploymentPostprocessing = 0;
		};
/* End PBXSourcesBuildPhase section */

/* Begin PBXVariantGroup section */
		5B139E6F23B777FA00BE73E7 /* LaunchScreen.storyboard */ = {
			isa = PBXVariantGroup;
			children = (
				5B139E7023B777FA00BE73E7 /* Base */,
			);
			name = LaunchScreen.storyboard;
			sourceTree = "<group>";
		};
/* End PBXVariantGroup section */

/* Begin XCBuildConfiguration section */
		5B139E7323B777FA00BE73E7 /* Debug */ = {
			isa = XCBuildConfiguration;
			buildSettings = {
				ALWAYS_SEARCH_USER_PATHS = NO;
				CLANG_ANALYZER_NONNULL = YES;
				CLANG_ANALYZER_NUMBER_OBJECT_CONVERSION = YES_AGGRESSIVE;
				CLANG_CXX_LANGUAGE_STANDARD = "gnu++14";
				CLANG_CXX_LIBRARY = "libc++";
				CLANG_ENABLE_MODULES = YES;
				CLANG_ENABLE_OBJC_ARC = YES;
				CLANG_ENABLE_OBJC_WEAK = YES;
				CLANG_WARN_BLOCK_CAPTURE_AUTORELEASING = YES;
				CLANG_WARN_BOOL_CONVERSION = YES;
				CLANG_WARN_COMMA = YES;
				CLANG_WARN_CONSTANT_CONVERSION = YES;
				CLANG_WARN_DEPRECATED_OBJC_IMPLEMENTATIONS = YES;
				CLANG_WARN_DIRECT_OBJC_ISA_USAGE = YES_ERROR;
				CLANG_WARN_DOCUMENTATION_COMMENTS = YES;
				CLANG_WARN_EMPTY_BODY = YES;
				CLANG_WARN_ENUM_CONVERSION = YES;
				CLANG_WARN_INFINITE_RECURSION = YES;
				CLANG_WARN_INT_CONVERSION = YES;
				CLANG_WARN_NON_LITERAL_NULL_CONVERSION = YES;
				CLANG_WARN_OBJC_IMPLICIT_RETAIN_SELF = YES;
				CLANG_WARN_OBJC_LITERAL_CONVERSION = YES;
				CLANG_WARN_OBJC_ROOT_CLASS = YES_ERROR;
				CLANG_WARN_RANGE_LOOP_ANALYSIS = YES;
				CLANG_WARN_STRICT_PROTOTYPES = YES;
				CLANG_WARN_SUSPICIOUS_MOVE = YES;
				CLANG_WARN_UNGUARDED_AVAILABILITY = YES_AGGRESSIVE;
				CLANG_WARN_UNREACHABLE_CODE = YES;
				CLANG_WARN__DUPLICATE_METHOD_MATCH = YES;
				CODE_SIGN_IDENTITY = "iPhone Developer";
				COPY_PHASE_STRIP = NO;
				DEBUG_INFORMATION_FORMAT = dwarf;
				ENABLE_STRICT_OBJC_MSGSEND = YES;
				ENABLE_TESTABILITY = YES;
				GCC_C_LANGUAGE_STANDARD = gnu11;
				GCC_DYNAMIC_NO_PIC = NO;
				GCC_NO_COMMON_BLOCKS = YES;
				GCC_OPTIMIZATION_LEVEL = 0;
				GCC_PREPROCESSOR_DEFINITIONS = (
					"DEBUG=1",
					"$(inherited)",
				);
				GCC_WARN_64_TO_32_BIT_CONVERSION = YES;
				GCC_WARN_ABOUT_RETURN_TYPE = YES_ERROR;
				GCC_WARN_UNDECLARED_SELECTOR = YES;
				GCC_WARN_UNINITIALIZED_AUTOS = YES_AGGRESSIVE;
				GCC_WARN_UNUSED_FUNCTION = YES;
				GCC_WARN_UNUSED_VARIABLE = YES;
				IPHONEOS_DEPLOYMENT_TARGET = 12.2;
				MTL_ENABLE_DEBUG_INFO = INCLUDE_SOURCE;
				MTL_FAST_MATH = YES;
				ONLY_ACTIVE_ARCH = YES;
				SDKROOT = iphoneos;
				SWIFT_ACTIVE_COMPILATION_CONDITIONS = DEBUG;
				SWIFT_OPTIMIZATION_LEVEL = "-Onone";
			};
			name = Debug;
		};
		5B139E7423B777FA00BE73E7 /* Release */ = {
			isa = XCBuildConfiguration;
			buildSettings = {
				ALWAYS_SEARCH_USER_PATHS = NO;
				CLANG_ANALYZER_NONNULL = YES;
				CLANG_ANALYZER_NUMBER_OBJECT_CONVERSION = YES_AGGRESSIVE;
				CLANG_CXX_LANGUAGE_STANDARD = "gnu++14";
				CLANG_CXX_LIBRARY = "libc++";
				CLANG_ENABLE_MODULES = YES;
				CLANG_ENABLE_OBJC_ARC = YES;
				CLANG_ENABLE_OBJC_WEAK = YES;
				CLANG_WARN_BLOCK_CAPTURE_AUTORELEASING = YES;
				CLANG_WARN_BOOL_CONVERSION = YES;
				CLANG_WARN_COMMA = YES;
				CLANG_WARN_CONSTANT_CONVERSION = YES;
				CLANG_WARN_DEPRECATED_OBJC_IMPLEMENTATIONS = YES;
				CLANG_WARN_DIRECT_OBJC_ISA_USAGE = YES_ERROR;
				CLANG_WARN_DOCUMENTATION_COMMENTS = YES;
				CLANG_WARN_EMPTY_BODY = YES;
				CLANG_WARN_ENUM_CONVERSION = YES;
				CLANG_WARN_INFINITE_RECURSION = YES;
				CLANG_WARN_INT_CONVERSION = YES;
				CLANG_WARN_NON_LITERAL_NULL_CONVERSION = YES;
				CLANG_WARN_OBJC_IMPLICIT_RETAIN_SELF = YES;
				CLANG_WARN_OBJC_LITERAL_CONVERSION = YES;
				CLANG_WARN_OBJC_ROOT_CLASS = YES_ERROR;
				CLANG_WARN_RANGE_LOOP_ANALYSIS = YES;
				CLANG_WARN_STRICT_PROTOTYPES = YES;
				CLANG_WARN_SUSPICIOUS_MOVE = YES;
				CLANG_WARN_UNGUARDED_AVAILABILITY = YES_AGGRESSIVE;
				CLANG_WARN_UNREACHABLE_CODE = YES;
				CLANG_WARN__DUPLICATE_METHOD_MATCH = YES;
				CODE_SIGN_IDENTITY = "iPhone Developer";
				COPY_PHASE_STRIP = NO;
				DEBUG_INFORMATION_FORMAT = "dwarf-with-dsym";
				ENABLE_NS_ASSERTIONS = NO;
				ENABLE_STRICT_OBJC_MSGSEND = YES;
				GCC_C_LANGUAGE_STANDARD = gnu11;
				GCC_NO_COMMON_BLOCKS = YES;
				GCC_WARN_64_TO_32_BIT_CONVERSION = YES;
				GCC_WARN_ABOUT_RETURN_TYPE = YES_ERROR;
				GCC_WARN_UNDECLARED_SELECTOR = YES;
				GCC_WARN_UNINITIALIZED_AUTOS = YES_AGGRESSIVE;
				GCC_WARN_UNUSED_FUNCTION = YES;
				GCC_WARN_UNUSED_VARIABLE = YES;
				IPHONEOS_DEPLOYMENT_TARGET = 12.2;
				MTL_ENABLE_DEBUG_INFO = NO;
				MTL_FAST_MATH = YES;
				SDKROOT = iphoneos;
				SWIFT_COMPILATION_MODE = wholemodule;
				SWIFT_OPTIMIZATION_LEVEL = "-O";
				VALIDATE_PRODUCT = YES;
			};
			name = Release;
		};
		5B139E7623B777FA00BE73E7 /* Debug */ = {
			isa = XCBuildConfiguration;
			buildSettings = {
				ASSETCATALOG_COMPILER_APPICON_NAME = AppIcon;
				CODE_SIGN_STYLE = Automatic;
				DEVELOPMENT_TEAM = D2886KUG27;
				INFOPLIST_FILE = Catinder/Info.plist;
				LD_RUNPATH_SEARCH_PATHS = (
					"$(inherited)",
					"@executable_path/Frameworks",
				);
				PRODUCT_BUNDLE_IDENTIFIER = com.apaykachev.Catinder;
				PRODUCT_NAME = "$(TARGET_NAME)";
				SWIFT_VERSION = 5.0;
				TARGETED_DEVICE_FAMILY = 1;
			};
			name = Debug;
		};
		5B139E7723B777FA00BE73E7 /* Release */ = {
			isa = XCBuildConfiguration;
			buildSettings = {
				ASSETCATALOG_COMPILER_APPICON_NAME = AppIcon;
				CODE_SIGN_STYLE = Automatic;
				DEVELOPMENT_TEAM = D2886KUG27;
				INFOPLIST_FILE = Catinder/Info.plist;
				LD_RUNPATH_SEARCH_PATHS = (
					"$(inherited)",
					"@executable_path/Frameworks",
				);
				PRODUCT_BUNDLE_IDENTIFIER = com.apaykachev.Catinder;
				PRODUCT_NAME = "$(TARGET_NAME)";
				SWIFT_VERSION = 5.0;
				TARGETED_DEVICE_FAMILY = 1;
			};
			name = Release;
		};
/* End XCBuildConfiguration section */

/* Begin XCConfigurationList section */
		5B139E5E23B777F800BE73E7 /* Build configuration list for PBXProject "Catinder" */ = {
			isa = XCConfigurationList;
			buildConfigurations = (
				5B139E7323B777FA00BE73E7 /* Debug */,
				5B139E7423B777FA00BE73E7 /* Release */,
			);
			defaultConfigurationIsVisible = 0;
			defaultConfigurationName = Release;
		};
		5B139E7523B777FA00BE73E7 /* Build configuration list for PBXNativeTarget "Catinder" */ = {
			isa = XCConfigurationList;
			buildConfigurations = (
				5B139E7623B777FA00BE73E7 /* Debug */,
				5B139E7723B777FA00BE73E7 /* Release */,
			);
			defaultConfigurationIsVisible = 0;
			defaultConfigurationName = Release;
		};
/* End XCConfigurationList section */
	};
	rootObject = 5B139E5B23B777F800BE73E7 /* Project object */;
}
