// !$*UTF8*$!
{
	archiveVersion = 1;
	classes = {
	};
	objectVersion = 50;
	objects = {

/* Begin PBXBuildFile section */
		5B035D4B23D299D100542242 /* CGSize + Extensions.swift in Sources */ = {isa = PBXBuildFile; fileRef = 5B035D4A23D299D100542242 /* CGSize + Extensions.swift */; };
		5B04923F23D69F9400639802 /* RelationshipDecision.swift in Sources */ = {isa = PBXBuildFile; fileRef = 5B04923E23D69F9400639802 /* RelationshipDecision.swift */; };
		5B07A50A23D12E9D00122190 /* CALayer + Extensions.swift in Sources */ = {isa = PBXBuildFile; fileRef = 5B07A50923D12E9D00122190 /* CALayer + Extensions.swift */; };
		5B07A50C23D13A6500122190 /* Collection + Extensions.swift in Sources */ = {isa = PBXBuildFile; fileRef = 5B07A50B23D13A6500122190 /* Collection + Extensions.swift */; };
		5B139E6723B777F800BE73E7 /* AppDelegate.swift in Sources */ = {isa = PBXBuildFile; fileRef = 5B139E6623B777F800BE73E7 /* AppDelegate.swift */; };
		5B139E6923B777F800BE73E7 /* CardsViewerViewController.swift in Sources */ = {isa = PBXBuildFile; fileRef = 5B139E6823B777F800BE73E7 /* CardsViewerViewController.swift */; };
		5B139E6E23B777FA00BE73E7 /* Assets.xcassets in Resources */ = {isa = PBXBuildFile; fileRef = 5B139E6D23B777FA00BE73E7 /* Assets.xcassets */; };
		5B139E7123B777FA00BE73E7 /* LaunchScreen.storyboard in Resources */ = {isa = PBXBuildFile; fileRef = 5B139E6F23B777FA00BE73E7 /* LaunchScreen.storyboard */; };
		5B139E7B23B7850500BE73E7 /* TopMenuView.swift in Sources */ = {isa = PBXBuildFile; fileRef = 5B139E7A23B7850500BE73E7 /* TopMenuView.swift */; };
		5B139E7D23B7851700BE73E7 /* BottomMenuView.swift in Sources */ = {isa = PBXBuildFile; fileRef = 5B139E7C23B7851700BE73E7 /* BottomMenuView.swift */; };
		5B139E7F23B7853000BE73E7 /* CardView.swift in Sources */ = {isa = PBXBuildFile; fileRef = 5B139E7E23B7853000BE73E7 /* CardView.swift */; };
		5B139E8123B7873200BE73E7 /* UIView + Extensions.swift in Sources */ = {isa = PBXBuildFile; fileRef = 5B139E8023B7873200BE73E7 /* UIView + Extensions.swift */; };
		5B1537D52462DF7100ED7FC8 /* NotificationMessageView.swift in Sources */ = {isa = PBXBuildFile; fileRef = 5B1537D42462DF7100ED7FC8 /* NotificationMessageView.swift */; };
		5B197FF223D67C0E006DFB9E /* MatchViewModel.swift in Sources */ = {isa = PBXBuildFile; fileRef = 5B197FF123D67C0E006DFB9E /* MatchViewModel.swift */; };
		5B197FF423D6966D006DFB9E /* GradientView.swift in Sources */ = {isa = PBXBuildFile; fileRef = 5B197FF323D6966D006DFB9E /* GradientView.swift */; };
		5B1AE73B2476DE4500545AD7 /* SendStatusMarkSignView.swift in Sources */ = {isa = PBXBuildFile; fileRef = 5B1AE73A2476DE4400545AD7 /* SendStatusMarkSignView.swift */; };
		5B1B84CD2438A69300F0091F /* PhotoSelectorCell.swift in Sources */ = {isa = PBXBuildFile; fileRef = 5B1B84CC2438A69300F0091F /* PhotoSelectorCell.swift */; };
		5B1C8D0F2442632B00A6D91A /* PhotoPreviewCell.swift in Sources */ = {isa = PBXBuildFile; fileRef = 5B1C8D0E2442632B00A6D91A /* PhotoPreviewCell.swift */; };
		5B1C8D112442683B00A6D91A /* PhotoPreviewsViewer.swift in Sources */ = {isa = PBXBuildFile; fileRef = 5B1C8D102442683B00A6D91A /* PhotoPreviewsViewer.swift */; };
		5B1C8D1324427EB200A6D91A /* Colors.swift in Sources */ = {isa = PBXBuildFile; fileRef = 5B1C8D1224427EB200A6D91A /* Colors.swift */; };
		5B244CA623BF9AB60099B975 /* UIStackView + Extensions.swift in Sources */ = {isa = PBXBuildFile; fileRef = 5B244CA523BF9AB60099B975 /* UIStackView + Extensions.swift */; };
		5B2DBA7523B9DA5900BACB52 /* CardsStackView.swift in Sources */ = {isa = PBXBuildFile; fileRef = 5B2DBA7423B9DA5900BACB52 /* CardsStackView.swift */; };
		5B30C22B246DF07900734CF8 /* KeyboardNotificationInfo.swift in Sources */ = {isa = PBXBuildFile; fileRef = 5B30C22A246DF07900734CF8 /* KeyboardNotificationInfo.swift */; };
		5B37744323CE75FA00698427 /* CatinderImagePicker.swift in Sources */ = {isa = PBXBuildFile; fileRef = 5B37744223CE75FA00698427 /* CatinderImagePicker.swift */; };
		5B3BCA0F23E0356500092DD5 /* Message.swift in Sources */ = {isa = PBXBuildFile; fileRef = 5B3BCA0E23E0356500092DD5 /* Message.swift */; };
		5B41EBE123E5916700D99CA6 /* ConversationTextInputView.swift in Sources */ = {isa = PBXBuildFile; fileRef = 5B41EBE023E5916700D99CA6 /* ConversationTextInputView.swift */; };
		5B41EBE323E5956800D99CA6 /* String + Extensions.swift in Sources */ = {isa = PBXBuildFile; fileRef = 5B41EBE223E5956800D99CA6 /* String + Extensions.swift */; };
		5B457F4E23D7DAE300A630F9 /* LastMessagesViewController.swift in Sources */ = {isa = PBXBuildFile; fileRef = 5B457F4D23D7DAE300A630F9 /* LastMessagesViewController.swift */; };
		5B457F5123D7F0BD00A630F9 /* LastMessageCell.swift in Sources */ = {isa = PBXBuildFile; fileRef = 5B457F5023D7F0BD00A630F9 /* LastMessageCell.swift */; };
		5B5430AA23DEC3C5000F9F81 /* NetworkManager.swift in Sources */ = {isa = PBXBuildFile; fileRef = 5B5430A923DEC3C5000F9F81 /* NetworkManager.swift */; };
		5B5A9D7223D1422F00C7FF85 /* MatchSplashScreenViewController.swift in Sources */ = {isa = PBXBuildFile; fileRef = 5B5A9D7123D1422F00C7FF85 /* MatchSplashScreenViewController.swift */; };
		5B5AD28123C8BF3C00D5B6D7 /* ProfileViewerViewController.swift in Sources */ = {isa = PBXBuildFile; fileRef = 5B5AD28023C8BF3C00D5B6D7 /* ProfileViewerViewController.swift */; };
		5B6613862447BDD700E214E8 /* PhotoSelectorLayout.swift in Sources */ = {isa = PBXBuildFile; fileRef = 5B6613852447BDD700E214E8 /* PhotoSelectorLayout.swift */; };
		5B72293423E07063003B6BD4 /* Match.swift in Sources */ = {isa = PBXBuildFile; fileRef = 5B72293323E07063003B6BD4 /* Match.swift */; };
		5B72F00E2461B83B0057D38F /* ProfileEditorExpandableFieldCell.swift in Sources */ = {isa = PBXBuildFile; fileRef = 5B72F00D2461B83B0057D38F /* ProfileEditorExpandableFieldCell.swift */; };
		5B746EF923C8C56600063374 /* UILabel + Extensions.swift in Sources */ = {isa = PBXBuildFile; fileRef = 5B746EF823C8C56600063374 /* UILabel + Extensions.swift */; };
		5B746EFB23C8C94000063374 /* ProfileViewModel.swift in Sources */ = {isa = PBXBuildFile; fileRef = 5B746EFA23C8C94000063374 /* ProfileViewModel.swift */; };
		5B77BD672493E56E000838C0 /* ActionButtonCell.swift in Sources */ = {isa = PBXBuildFile; fileRef = 5B77BD662493E56E000838C0 /* ActionButtonCell.swift */; };
		5B7FFBC723C2A442009D2854 /* CatinderImageButton.swift in Sources */ = {isa = PBXBuildFile; fileRef = 5B7FFBC623C2A442009D2854 /* CatinderImageButton.swift */; };
		5B7FFBCC23C2AABC009D2854 /* ProfileEditorViewController.swift in Sources */ = {isa = PBXBuildFile; fileRef = 5B7FFBCB23C2AABC009D2854 /* ProfileEditorViewController.swift */; };
		5B81A26823D7F28100565F4A /* LastMessageViewModel.swift in Sources */ = {isa = PBXBuildFile; fileRef = 5B81A26723D7F28100565F4A /* LastMessageViewModel.swift */; };
		5B875FE523DC00E200408EDC /* ConversationMessageViewModel.swift in Sources */ = {isa = PBXBuildFile; fileRef = 5B875FE423DC00E200408EDC /* ConversationMessageViewModel.swift */; };
		5B875FE723DC00F900408EDC /* ConversationViewModel.swift in Sources */ = {isa = PBXBuildFile; fileRef = 5B875FE623DC00F900408EDC /* ConversationViewModel.swift */; };
		5B8B1D8D23B7C57F00543F20 /* Profile.swift in Sources */ = {isa = PBXBuildFile; fileRef = 5B8B1D8C23B7C57F00543F20 /* Profile.swift */; };
		5B8FB3D923BE946600041B23 /* CardViewModel.swift in Sources */ = {isa = PBXBuildFile; fileRef = 5B8FB3D823BE946600041B23 /* CardViewModel.swift */; };
		5B956FAC23D4289B008A53B6 /* CatinderPrimaryTextButton.swift in Sources */ = {isa = PBXBuildFile; fileRef = 5B956FAB23D4289B008A53B6 /* CatinderPrimaryTextButton.swift */; };
		5B96C7FD23BE713A00BFB4D0 /* Angle.swift in Sources */ = {isa = PBXBuildFile; fileRef = 5B96C7FC23BE713A00BFB4D0 /* Angle.swift */; };
		5B98EF85243F43C800BC93E9 /* CatinderNavigationButton.swift in Sources */ = {isa = PBXBuildFile; fileRef = 5B98EF84243F43C800BC93E9 /* CatinderNavigationButton.swift */; };
		5B98EF87243F445F00BC93E9 /* CatinderCircleBarButtonItem.swift in Sources */ = {isa = PBXBuildFile; fileRef = 5B98EF86243F445F00BC93E9 /* CatinderCircleBarButtonItem.swift */; };
		5B9EC59F249850B200EA3322 /* LoginData.swift in Sources */ = {isa = PBXBuildFile; fileRef = 5B9EC59E249850B200EA3322 /* LoginData.swift */; };
		5BAE16FB23D95839007D3EA4 /* CatinderNavigationController.swift in Sources */ = {isa = PBXBuildFile; fileRef = 5BAE16FA23D95839007D3EA4 /* CatinderNavigationController.swift */; };
		5BB2ED0A23DD5900008AA5E6 /* UIViewController + Catinder Extensions.swift in Sources */ = {isa = PBXBuildFile; fileRef = 5BB2ED0923DD5900008AA5E6 /* UIViewController + Catinder Extensions.swift */; };
		5BC4194F23DB321F00E98AA9 /* ConversationViewController.swift in Sources */ = {isa = PBXBuildFile; fileRef = 5BC4194E23DB321F00E98AA9 /* ConversationViewController.swift */; };
		5BC4195523DB3AFE00E98AA9 /* ConversationMessageCell.swift in Sources */ = {isa = PBXBuildFile; fileRef = 5BC4195423DB3AFE00E98AA9 /* ConversationMessageCell.swift */; };
		5BC68D5C23BF29E500DE9E82 /* CatinderPageControl.swift in Sources */ = {isa = PBXBuildFile; fileRef = 5BC68D5B23BF29E500DE9E82 /* CatinderPageControl.swift */; };
		5BCB68ED246D9AE2009B2471 /* LoginScreenViewController.swift in Sources */ = {isa = PBXBuildFile; fileRef = 5BCB68EC246D9AE2009B2471 /* LoginScreenViewController.swift */; };
		5BD54E1123D50381004A0AA2 /* CatinderSecondaryTextButton.swift in Sources */ = {isa = PBXBuildFile; fileRef = 5BD54E1023D50381004A0AA2 /* CatinderSecondaryTextButton.swift */; };
		5BD54E1523D5075A004A0AA2 /* HStackView.swift in Sources */ = {isa = PBXBuildFile; fileRef = 5BD54E1423D5075A004A0AA2 /* HStackView.swift */; };
		5BD54E1723D5077E004A0AA2 /* VStackView.swift in Sources */ = {isa = PBXBuildFile; fileRef = 5BD54E1623D5077E004A0AA2 /* VStackView.swift */; };
		5BD646DB24631473000DC15A /* NetworkEmulator.swift in Sources */ = {isa = PBXBuildFile; fileRef = 5BD646DA24631473000DC15A /* NetworkEmulator.swift */; };
		5BD8724524757A5D0025B977 /* UITableView + Extensions.swift in Sources */ = {isa = PBXBuildFile; fileRef = 5BD8724424757A5D0025B977 /* UITableView + Extensions.swift */; };
		5BD8724724757A740025B977 /* UITableViewCell + Extensions.swift in Sources */ = {isa = PBXBuildFile; fileRef = 5BD8724624757A740025B977 /* UITableViewCell + Extensions.swift */; };
		5BD8BE9623C687C900D9943B /* DataManager.swift in Sources */ = {isa = PBXBuildFile; fileRef = 5BD8BE9523C687C900D9943B /* DataManager.swift */; };
		5BD9B09523CFDDC9000E5028 /* CGColor + Extensions.swift in Sources */ = {isa = PBXBuildFile; fileRef = 5BD9B09423CFDDC9000E5028 /* CGColor + Extensions.swift */; };
		5BDACB67245ED32700A4DEA1 /* CatinderActivityIndicatorView.swift in Sources */ = {isa = PBXBuildFile; fileRef = 5BDACB66245ED32700A4DEA1 /* CatinderActivityIndicatorView.swift */; };
		5BDACB69245ED79000A4DEA1 /* CatinderImageView.swift in Sources */ = {isa = PBXBuildFile; fileRef = 5BDACB68245ED79000A4DEA1 /* CatinderImageView.swift */; };
		5BDFCF05244A747B006A523A /* Array + Extensions.swift in Sources */ = {isa = PBXBuildFile; fileRef = 5BDFCF04244A747B006A523A /* Array + Extensions.swift */; };
		5BE56BB723E8BD59000374C2 /* AuthenticationManager.swift in Sources */ = {isa = PBXBuildFile; fileRef = 5BE56BB623E8BD59000374C2 /* AuthenticationManager.swift */; };
		5BF12FCC245F0D1A004DA5C0 /* UICollectionViewCell + Extension.swift in Sources */ = {isa = PBXBuildFile; fileRef = 5BF12FCB245F0D1A004DA5C0 /* UICollectionViewCell + Extension.swift */; };
		5BF12FCE245F0D44004DA5C0 /* UICollectionView + Extensions.swift in Sources */ = {isa = PBXBuildFile; fileRef = 5BF12FCD245F0D44004DA5C0 /* UICollectionView + Extensions.swift */; };
		5BF37D4624360A9D00347053 /* ProfilePhotoSelectorViewController.swift in Sources */ = {isa = PBXBuildFile; fileRef = 5BF37D4524360A9D00347053 /* ProfilePhotoSelectorViewController.swift */; };
		5BF4C40E2470578C00E4624D /* CatinderTextField.swift in Sources */ = {isa = PBXBuildFile; fileRef = 5BF4C40D2470578C00E4624D /* CatinderTextField.swift */; };
		5BFC059923C54954005C7FC1 /* ProfileEditorFieldCell.swift in Sources */ = {isa = PBXBuildFile; fileRef = 5BFC059823C54954005C7FC1 /* ProfileEditorFieldCell.swift */; };
/* End PBXBuildFile section */

/* Begin PBXFileReference section */
		5B035D4A23D299D100542242 /* CGSize + Extensions.swift */ = {isa = PBXFileReference; lastKnownFileType = sourcecode.swift; path = "CGSize + Extensions.swift"; sourceTree = "<group>"; };
		5B04923E23D69F9400639802 /* RelationshipDecision.swift */ = {isa = PBXFileReference; lastKnownFileType = sourcecode.swift; path = RelationshipDecision.swift; sourceTree = "<group>"; };
		5B07A50923D12E9D00122190 /* CALayer + Extensions.swift */ = {isa = PBXFileReference; lastKnownFileType = sourcecode.swift; path = "CALayer + Extensions.swift"; sourceTree = "<group>"; };
		5B07A50B23D13A6500122190 /* Collection + Extensions.swift */ = {isa = PBXFileReference; lastKnownFileType = sourcecode.swift; path = "Collection + Extensions.swift"; sourceTree = "<group>"; };
		5B139E6323B777F800BE73E7 /* Catinder.app */ = {isa = PBXFileReference; explicitFileType = wrapper.application; includeInIndex = 0; path = Catinder.app; sourceTree = BUILT_PRODUCTS_DIR; };
		5B139E6623B777F800BE73E7 /* AppDelegate.swift */ = {isa = PBXFileReference; lastKnownFileType = sourcecode.swift; path = AppDelegate.swift; sourceTree = "<group>"; };
		5B139E6823B777F800BE73E7 /* CardsViewerViewController.swift */ = {isa = PBXFileReference; lastKnownFileType = sourcecode.swift; path = CardsViewerViewController.swift; sourceTree = "<group>"; };
		5B139E6D23B777FA00BE73E7 /* Assets.xcassets */ = {isa = PBXFileReference; lastKnownFileType = folder.assetcatalog; path = Assets.xcassets; sourceTree = "<group>"; };
		5B139E7023B777FA00BE73E7 /* Base */ = {isa = PBXFileReference; lastKnownFileType = file.storyboard; name = Base; path = Base.lproj/LaunchScreen.storyboard; sourceTree = "<group>"; };
		5B139E7223B777FA00BE73E7 /* Info.plist */ = {isa = PBXFileReference; lastKnownFileType = text.plist.xml; path = Info.plist; sourceTree = "<group>"; };
		5B139E7A23B7850500BE73E7 /* TopMenuView.swift */ = {isa = PBXFileReference; lastKnownFileType = sourcecode.swift; path = TopMenuView.swift; sourceTree = "<group>"; };
		5B139E7C23B7851700BE73E7 /* BottomMenuView.swift */ = {isa = PBXFileReference; lastKnownFileType = sourcecode.swift; path = BottomMenuView.swift; sourceTree = "<group>"; };
		5B139E7E23B7853000BE73E7 /* CardView.swift */ = {isa = PBXFileReference; lastKnownFileType = sourcecode.swift; path = CardView.swift; sourceTree = "<group>"; };
		5B139E8023B7873200BE73E7 /* UIView + Extensions.swift */ = {isa = PBXFileReference; lastKnownFileType = sourcecode.swift; path = "UIView + Extensions.swift"; sourceTree = "<group>"; };
		5B1537D42462DF7100ED7FC8 /* NotificationMessageView.swift */ = {isa = PBXFileReference; lastKnownFileType = sourcecode.swift; path = NotificationMessageView.swift; sourceTree = "<group>"; };
		5B197FF123D67C0E006DFB9E /* MatchViewModel.swift */ = {isa = PBXFileReference; lastKnownFileType = sourcecode.swift; path = MatchViewModel.swift; sourceTree = "<group>"; };
		5B197FF323D6966D006DFB9E /* GradientView.swift */ = {isa = PBXFileReference; lastKnownFileType = sourcecode.swift; path = GradientView.swift; sourceTree = "<group>"; };
		5B1AE73A2476DE4400545AD7 /* SendStatusMarkSignView.swift */ = {isa = PBXFileReference; lastKnownFileType = sourcecode.swift; path = SendStatusMarkSignView.swift; sourceTree = "<group>"; };
		5B1B84CC2438A69300F0091F /* PhotoSelectorCell.swift */ = {isa = PBXFileReference; lastKnownFileType = sourcecode.swift; path = PhotoSelectorCell.swift; sourceTree = "<group>"; };
		5B1C8D0E2442632B00A6D91A /* PhotoPreviewCell.swift */ = {isa = PBXFileReference; lastKnownFileType = sourcecode.swift; path = PhotoPreviewCell.swift; sourceTree = "<group>"; };
		5B1C8D102442683B00A6D91A /* PhotoPreviewsViewer.swift */ = {isa = PBXFileReference; lastKnownFileType = sourcecode.swift; path = PhotoPreviewsViewer.swift; sourceTree = "<group>"; };
		5B1C8D1224427EB200A6D91A /* Colors.swift */ = {isa = PBXFileReference; lastKnownFileType = sourcecode.swift; path = Colors.swift; sourceTree = "<group>"; };
		5B244CA523BF9AB60099B975 /* UIStackView + Extensions.swift */ = {isa = PBXFileReference; lastKnownFileType = sourcecode.swift; path = "UIStackView + Extensions.swift"; sourceTree = "<group>"; };
		5B2DBA7423B9DA5900BACB52 /* CardsStackView.swift */ = {isa = PBXFileReference; lastKnownFileType = sourcecode.swift; path = CardsStackView.swift; sourceTree = "<group>"; };
		5B30C22A246DF07900734CF8 /* KeyboardNotificationInfo.swift */ = {isa = PBXFileReference; lastKnownFileType = sourcecode.swift; path = KeyboardNotificationInfo.swift; sourceTree = "<group>"; };
		5B37744223CE75FA00698427 /* CatinderImagePicker.swift */ = {isa = PBXFileReference; lastKnownFileType = sourcecode.swift; path = CatinderImagePicker.swift; sourceTree = "<group>"; };
		5B3BCA0E23E0356500092DD5 /* Message.swift */ = {isa = PBXFileReference; lastKnownFileType = sourcecode.swift; path = Message.swift; sourceTree = "<group>"; };
		5B41EBE023E5916700D99CA6 /* ConversationTextInputView.swift */ = {isa = PBXFileReference; lastKnownFileType = sourcecode.swift; path = ConversationTextInputView.swift; sourceTree = "<group>"; };
		5B41EBE223E5956800D99CA6 /* String + Extensions.swift */ = {isa = PBXFileReference; lastKnownFileType = sourcecode.swift; path = "String + Extensions.swift"; sourceTree = "<group>"; };
		5B457F4D23D7DAE300A630F9 /* LastMessagesViewController.swift */ = {isa = PBXFileReference; lastKnownFileType = sourcecode.swift; path = LastMessagesViewController.swift; sourceTree = "<group>"; };
		5B457F5023D7F0BD00A630F9 /* LastMessageCell.swift */ = {isa = PBXFileReference; lastKnownFileType = sourcecode.swift; path = LastMessageCell.swift; sourceTree = "<group>"; };
		5B5430A923DEC3C5000F9F81 /* NetworkManager.swift */ = {isa = PBXFileReference; lastKnownFileType = sourcecode.swift; path = NetworkManager.swift; sourceTree = "<group>"; };
		5B5A9D7123D1422F00C7FF85 /* MatchSplashScreenViewController.swift */ = {isa = PBXFileReference; lastKnownFileType = sourcecode.swift; path = MatchSplashScreenViewController.swift; sourceTree = "<group>"; };
		5B5AD28023C8BF3C00D5B6D7 /* ProfileViewerViewController.swift */ = {isa = PBXFileReference; lastKnownFileType = sourcecode.swift; path = ProfileViewerViewController.swift; sourceTree = "<group>"; };
		5B6613852447BDD700E214E8 /* PhotoSelectorLayout.swift */ = {isa = PBXFileReference; lastKnownFileType = sourcecode.swift; path = PhotoSelectorLayout.swift; sourceTree = "<group>"; };
		5B72293323E07063003B6BD4 /* Match.swift */ = {isa = PBXFileReference; lastKnownFileType = sourcecode.swift; path = Match.swift; sourceTree = "<group>"; };
		5B72F00D2461B83B0057D38F /* ProfileEditorExpandableFieldCell.swift */ = {isa = PBXFileReference; lastKnownFileType = sourcecode.swift; path = ProfileEditorExpandableFieldCell.swift; sourceTree = "<group>"; };
		5B746EF823C8C56600063374 /* UILabel + Extensions.swift */ = {isa = PBXFileReference; fileEncoding = 4; lastKnownFileType = sourcecode.swift; path = "UILabel + Extensions.swift"; sourceTree = "<group>"; };
		5B746EFA23C8C94000063374 /* ProfileViewModel.swift */ = {isa = PBXFileReference; lastKnownFileType = sourcecode.swift; path = ProfileViewModel.swift; sourceTree = "<group>"; };
		5B77BD662493E56E000838C0 /* ActionButtonCell.swift */ = {isa = PBXFileReference; lastKnownFileType = sourcecode.swift; path = ActionButtonCell.swift; sourceTree = "<group>"; };
		5B7FFBC623C2A442009D2854 /* CatinderImageButton.swift */ = {isa = PBXFileReference; lastKnownFileType = sourcecode.swift; path = CatinderImageButton.swift; sourceTree = "<group>"; };
		5B7FFBCB23C2AABC009D2854 /* ProfileEditorViewController.swift */ = {isa = PBXFileReference; lastKnownFileType = sourcecode.swift; path = ProfileEditorViewController.swift; sourceTree = "<group>"; };
		5B81A26723D7F28100565F4A /* LastMessageViewModel.swift */ = {isa = PBXFileReference; lastKnownFileType = sourcecode.swift; path = LastMessageViewModel.swift; sourceTree = "<group>"; };
		5B875FE423DC00E200408EDC /* ConversationMessageViewModel.swift */ = {isa = PBXFileReference; lastKnownFileType = sourcecode.swift; path = ConversationMessageViewModel.swift; sourceTree = "<group>"; };
		5B875FE623DC00F900408EDC /* ConversationViewModel.swift */ = {isa = PBXFileReference; lastKnownFileType = sourcecode.swift; path = ConversationViewModel.swift; sourceTree = "<group>"; };
		5B8B1D8C23B7C57F00543F20 /* Profile.swift */ = {isa = PBXFileReference; lastKnownFileType = sourcecode.swift; path = Profile.swift; sourceTree = "<group>"; };
		5B8FB3D823BE946600041B23 /* CardViewModel.swift */ = {isa = PBXFileReference; lastKnownFileType = sourcecode.swift; path = CardViewModel.swift; sourceTree = "<group>"; };
		5B956FAB23D4289B008A53B6 /* CatinderPrimaryTextButton.swift */ = {isa = PBXFileReference; lastKnownFileType = sourcecode.swift; path = CatinderPrimaryTextButton.swift; sourceTree = "<group>"; };
		5B96C7FC23BE713A00BFB4D0 /* Angle.swift */ = {isa = PBXFileReference; lastKnownFileType = sourcecode.swift; path = Angle.swift; sourceTree = "<group>"; };
		5B98EF84243F43C800BC93E9 /* CatinderNavigationButton.swift */ = {isa = PBXFileReference; lastKnownFileType = sourcecode.swift; path = CatinderNavigationButton.swift; sourceTree = "<group>"; };
		5B98EF86243F445F00BC93E9 /* CatinderCircleBarButtonItem.swift */ = {isa = PBXFileReference; lastKnownFileType = sourcecode.swift; path = CatinderCircleBarButtonItem.swift; sourceTree = "<group>"; };
		5B9EC59E249850B200EA3322 /* LoginData.swift */ = {isa = PBXFileReference; lastKnownFileType = sourcecode.swift; path = LoginData.swift; sourceTree = "<group>"; };
		5BAE16FA23D95839007D3EA4 /* CatinderNavigationController.swift */ = {isa = PBXFileReference; lastKnownFileType = sourcecode.swift; path = CatinderNavigationController.swift; sourceTree = "<group>"; };
		5BB2ED0923DD5900008AA5E6 /* UIViewController + Catinder Extensions.swift */ = {isa = PBXFileReference; lastKnownFileType = sourcecode.swift; path = "UIViewController + Catinder Extensions.swift"; sourceTree = "<group>"; };
		5BC4194E23DB321F00E98AA9 /* ConversationViewController.swift */ = {isa = PBXFileReference; lastKnownFileType = sourcecode.swift; path = ConversationViewController.swift; sourceTree = "<group>"; };
		5BC4195423DB3AFE00E98AA9 /* ConversationMessageCell.swift */ = {isa = PBXFileReference; lastKnownFileType = sourcecode.swift; path = ConversationMessageCell.swift; sourceTree = "<group>"; };
		5BC68D5B23BF29E500DE9E82 /* CatinderPageControl.swift */ = {isa = PBXFileReference; lastKnownFileType = sourcecode.swift; path = CatinderPageControl.swift; sourceTree = "<group>"; };
		5BCB68EC246D9AE2009B2471 /* LoginScreenViewController.swift */ = {isa = PBXFileReference; lastKnownFileType = sourcecode.swift; path = LoginScreenViewController.swift; sourceTree = "<group>"; };
		5BD54E1023D50381004A0AA2 /* CatinderSecondaryTextButton.swift */ = {isa = PBXFileReference; lastKnownFileType = sourcecode.swift; path = CatinderSecondaryTextButton.swift; sourceTree = "<group>"; };
		5BD54E1423D5075A004A0AA2 /* HStackView.swift */ = {isa = PBXFileReference; lastKnownFileType = sourcecode.swift; path = HStackView.swift; sourceTree = "<group>"; };
		5BD54E1623D5077E004A0AA2 /* VStackView.swift */ = {isa = PBXFileReference; lastKnownFileType = sourcecode.swift; path = VStackView.swift; sourceTree = "<group>"; };
		5BD646DA24631473000DC15A /* NetworkEmulator.swift */ = {isa = PBXFileReference; lastKnownFileType = sourcecode.swift; path = NetworkEmulator.swift; sourceTree = "<group>"; };
		5BD8724424757A5D0025B977 /* UITableView + Extensions.swift */ = {isa = PBXFileReference; lastKnownFileType = sourcecode.swift; path = "UITableView + Extensions.swift"; sourceTree = "<group>"; };
		5BD8724624757A740025B977 /* UITableViewCell + Extensions.swift */ = {isa = PBXFileReference; lastKnownFileType = sourcecode.swift; path = "UITableViewCell + Extensions.swift"; sourceTree = "<group>"; };
		5BD8BE9523C687C900D9943B /* DataManager.swift */ = {isa = PBXFileReference; lastKnownFileType = sourcecode.swift; path = DataManager.swift; sourceTree = "<group>"; };
		5BD9B09423CFDDC9000E5028 /* CGColor + Extensions.swift */ = {isa = PBXFileReference; lastKnownFileType = sourcecode.swift; path = "CGColor + Extensions.swift"; sourceTree = "<group>"; };
		5BDACB66245ED32700A4DEA1 /* CatinderActivityIndicatorView.swift */ = {isa = PBXFileReference; lastKnownFileType = sourcecode.swift; path = CatinderActivityIndicatorView.swift; sourceTree = "<group>"; };
		5BDACB68245ED79000A4DEA1 /* CatinderImageView.swift */ = {isa = PBXFileReference; lastKnownFileType = sourcecode.swift; path = CatinderImageView.swift; sourceTree = "<group>"; };
		5BDFCF04244A747B006A523A /* Array + Extensions.swift */ = {isa = PBXFileReference; lastKnownFileType = sourcecode.swift; path = "Array + Extensions.swift"; sourceTree = "<group>"; };
		5BE56BB623E8BD59000374C2 /* AuthenticationManager.swift */ = {isa = PBXFileReference; lastKnownFileType = sourcecode.swift; path = AuthenticationManager.swift; sourceTree = "<group>"; };
		5BF12FCB245F0D1A004DA5C0 /* UICollectionViewCell + Extension.swift */ = {isa = PBXFileReference; lastKnownFileType = sourcecode.swift; path = "UICollectionViewCell + Extension.swift"; sourceTree = "<group>"; };
		5BF12FCD245F0D44004DA5C0 /* UICollectionView + Extensions.swift */ = {isa = PBXFileReference; lastKnownFileType = sourcecode.swift; path = "UICollectionView + Extensions.swift"; sourceTree = "<group>"; };
		5BF37D4524360A9D00347053 /* ProfilePhotoSelectorViewController.swift */ = {isa = PBXFileReference; lastKnownFileType = sourcecode.swift; name = ProfilePhotoSelectorViewController.swift; path = ../ProfilePhotoSelectorViewController.swift; sourceTree = "<group>"; };
		5BF4C40D2470578C00E4624D /* CatinderTextField.swift */ = {isa = PBXFileReference; lastKnownFileType = sourcecode.swift; path = CatinderTextField.swift; sourceTree = "<group>"; };
		5BFC059823C54954005C7FC1 /* ProfileEditorFieldCell.swift */ = {isa = PBXFileReference; lastKnownFileType = sourcecode.swift; path = ProfileEditorFieldCell.swift; sourceTree = "<group>"; };
/* End PBXFileReference section */

/* Begin PBXFrameworksBuildPhase section */
		5B139E6023B777F800BE73E7 /* Frameworks */ = {
			isa = PBXFrameworksBuildPhase;
			buildActionMask = 2147483647;
			files = (
			);
			runOnlyForDeploymentPostprocessing = 0;
		};
/* End PBXFrameworksBuildPhase section */

/* Begin PBXGroup section */
		5B0AE63323C7B686009BA91B /* Menu */ = {
			isa = PBXGroup;
			children = (
				5B139E7A23B7850500BE73E7 /* TopMenuView.swift */,
				5B139E7C23B7851700BE73E7 /* BottomMenuView.swift */,
			);
			path = Menu;
			sourceTree = "<group>";
		};
		5B139E5A23B777F800BE73E7 = {
			isa = PBXGroup;
			children = (
				5B139E6523B777F800BE73E7 /* Catinder */,
				5B139E6423B777F800BE73E7 /* Products */,
			);
			sourceTree = "<group>";
		};
		5B139E6423B777F800BE73E7 /* Products */ = {
			isa = PBXGroup;
			children = (
				5B139E6323B777F800BE73E7 /* Catinder.app */,
			);
			name = Products;
			sourceTree = "<group>";
		};
		5B139E6523B777F800BE73E7 /* Catinder */ = {
			isa = PBXGroup;
			children = (
				5B139E6623B777F800BE73E7 /* AppDelegate.swift */,
				5B8B1D9023B7C5A100543F20 /* Models */,
				5B7FFBC923C2A909009D2854 /* ViewModels */,
				5B139E7823B784E200BE73E7 /* ViewControllers */,
				5BD8BE9723C687F800D9943B /* Managers */,
				5B7FFBC823C2A56F009D2854 /* Catinder UI */,
				5B139E8223B7875D00BE73E7 /* Helpers */,
				5B139E6D23B777FA00BE73E7 /* Assets.xcassets */,
				5B139E6F23B777FA00BE73E7 /* LaunchScreen.storyboard */,
				5B139E7223B777FA00BE73E7 /* Info.plist */,
			);
			path = Catinder;
			sourceTree = "<group>";
		};
		5B139E7823B784E200BE73E7 /* ViewControllers */ = {
			isa = PBXGroup;
			children = (
				5BCB68EE246D9B12009B2471 /* LoginScreen */,
				5B139E7923B784F500BE73E7 /* CardsViewer */,
				5B7FFBCD23C2AAC3009D2854 /* ProfileEditor */,
				5B5AD28223C8C0F700D5B6D7 /* ProfileViewer */,
				5B457F4F23D7DAFF00A630F9 /* LastMessages */,
				5BC4195023DB323A00E98AA9 /* Conversation */,
				5B5A9D7323D1423500C7FF85 /* MatchSplashScreen */,
			);
			path = ViewControllers;
			sourceTree = "<group>";
		};
		5B139E7923B784F500BE73E7 /* CardsViewer */ = {
			isa = PBXGroup;
			children = (
				5B139E6823B777F800BE73E7 /* CardsViewerViewController.swift */,
				5B0AE63323C7B686009BA91B /* Menu */,
				5B7FFBCA23C2A969009D2854 /* CardsStack */,
			);
			path = CardsViewer;
			sourceTree = "<group>";
		};
		5B139E8223B7875D00BE73E7 /* Helpers */ = {
			isa = PBXGroup;
			children = (
				5BF12FCF245F0D4A004DA5C0 /* UICollectionView */,
				5BD8724824757A7A0025B977 /* UITableView */,
				5BD54E1323D50743004A0AA2 /* UIStackView */,
				5B139E8023B7873200BE73E7 /* UIView + Extensions.swift */,
				5B746EF823C8C56600063374 /* UILabel + Extensions.swift */,
				5B30C22A246DF07900734CF8 /* KeyboardNotificationInfo.swift */,
				5BD9B09423CFDDC9000E5028 /* CGColor + Extensions.swift */,
				5B035D4A23D299D100542242 /* CGSize + Extensions.swift */,
				5B07A50923D12E9D00122190 /* CALayer + Extensions.swift */,
				5BDFCF04244A747B006A523A /* Array + Extensions.swift */,
				5B07A50B23D13A6500122190 /* Collection + Extensions.swift */,
				5B41EBE223E5956800D99CA6 /* String + Extensions.swift */,
				5B197FF323D6966D006DFB9E /* GradientView.swift */,
				5B96C7FC23BE713A00BFB4D0 /* Angle.swift */,
				5BD646DA24631473000DC15A /* NetworkEmulator.swift */,
			);
			path = Helpers;
			sourceTree = "<group>";
		};
		5B37744823CE772400698427 /* PhotosSelector */ = {
			isa = PBXGroup;
			children = (
				5BF37D4524360A9D00347053 /* ProfilePhotoSelectorViewController.swift */,
				5B6613852447BDD700E214E8 /* PhotoSelectorLayout.swift */,
				5B1B84CC2438A69300F0091F /* PhotoSelectorCell.swift */,
			);
			path = PhotosSelector;
			sourceTree = "<group>";
		};
		5B457F4F23D7DAFF00A630F9 /* LastMessages */ = {
			isa = PBXGroup;
			children = (
				5B457F4D23D7DAE300A630F9 /* LastMessagesViewController.swift */,
				5B457F5023D7F0BD00A630F9 /* LastMessageCell.swift */,
			);
			path = LastMessages;
			sourceTree = "<group>";
		};
		5B5A9D7323D1423500C7FF85 /* MatchSplashScreen */ = {
			isa = PBXGroup;
			children = (
				5B5A9D7123D1422F00C7FF85 /* MatchSplashScreenViewController.swift */,
			);
			path = MatchSplashScreen;
			sourceTree = "<group>";
		};
		5B5AD28223C8C0F700D5B6D7 /* ProfileViewer */ = {
			isa = PBXGroup;
			children = (
				5B5AD28023C8BF3C00D5B6D7 /* ProfileViewerViewController.swift */,
				5B1C8D102442683B00A6D91A /* PhotoPreviewsViewer.swift */,
				5B1C8D0E2442632B00A6D91A /* PhotoPreviewCell.swift */,
			);
			path = ProfileViewer;
			sourceTree = "<group>";
		};
		5B7FFBC823C2A56F009D2854 /* Catinder UI */ = {
			isa = PBXGroup;
			children = (
				5BD54E1223D505F9004A0AA2 /* Buttons */,
				5B1C8D1224427EB200A6D91A /* Colors.swift */,
				5BDACB68245ED79000A4DEA1 /* CatinderImageView.swift */,
				5B37744223CE75FA00698427 /* CatinderImagePicker.swift */,
				5BDACB66245ED32700A4DEA1 /* CatinderActivityIndicatorView.swift */,
				5BAE16FA23D95839007D3EA4 /* CatinderNavigationController.swift */,
				5B98EF86243F445F00BC93E9 /* CatinderCircleBarButtonItem.swift */,
				5BF4C40D2470578C00E4624D /* CatinderTextField.swift */,
				5BC68D5B23BF29E500DE9E82 /* CatinderPageControl.swift */,
				5B1537D42462DF7100ED7FC8 /* NotificationMessageView.swift */,
				5BB2ED0923DD5900008AA5E6 /* UIViewController + Catinder Extensions.swift */,
			);
			path = "Catinder UI";
			sourceTree = "<group>";
		};
		5B7FFBC923C2A909009D2854 /* ViewModels */ = {
			isa = PBXGroup;
			children = (
				5B8FB3D823BE946600041B23 /* CardViewModel.swift */,
				5B746EFA23C8C94000063374 /* ProfileViewModel.swift */,
				5B197FF123D67C0E006DFB9E /* MatchViewModel.swift */,
				5B81A26723D7F28100565F4A /* LastMessageViewModel.swift */,
				5B875FE823DC012B00408EDC /* Conversation */,
			);
			path = ViewModels;
			sourceTree = "<group>";
		};
		5B7FFBCA23C2A969009D2854 /* CardsStack */ = {
			isa = PBXGroup;
			children = (
				5B2DBA7423B9DA5900BACB52 /* CardsStackView.swift */,
				5B139E7E23B7853000BE73E7 /* CardView.swift */,
			);
			path = CardsStack;
			sourceTree = "<group>";
		};
		5B7FFBCD23C2AAC3009D2854 /* ProfileEditor */ = {
			isa = PBXGroup;
			children = (
				5B7FFBCB23C2AABC009D2854 /* ProfileEditorViewController.swift */,
				5BFC059823C54954005C7FC1 /* ProfileEditorFieldCell.swift */,
				5B72F00D2461B83B0057D38F /* ProfileEditorExpandableFieldCell.swift */,
				5B77BD662493E56E000838C0 /* ActionButtonCell.swift */,
				5B37744823CE772400698427 /* PhotosSelector */,
			);
			path = ProfileEditor;
			sourceTree = "<group>";
		};
		5B875FE823DC012B00408EDC /* Conversation */ = {
			isa = PBXGroup;
			children = (
				5B875FE623DC00F900408EDC /* ConversationViewModel.swift */,
				5B875FE423DC00E200408EDC /* ConversationMessageViewModel.swift */,
			);
			path = Conversation;
			sourceTree = "<group>";
		};
		5B8B1D9023B7C5A100543F20 /* Models */ = {
			isa = PBXGroup;
			children = (
				5B8B1D8C23B7C57F00543F20 /* Profile.swift */,
				5B04923E23D69F9400639802 /* RelationshipDecision.swift */,
				5B72293323E07063003B6BD4 /* Match.swift */,
				5B3BCA0E23E0356500092DD5 /* Message.swift */,
				5B9EC59E249850B200EA3322 /* LoginData.swift */,
			);
			path = Models;
			sourceTree = "<group>";
		};
		5BC4195023DB323A00E98AA9 /* Conversation */ = {
			isa = PBXGroup;
			children = (
				5BC4194E23DB321F00E98AA9 /* ConversationViewController.swift */,
				5B41EBE023E5916700D99CA6 /* ConversationTextInputView.swift */,
				5BC4195423DB3AFE00E98AA9 /* ConversationMessageCell.swift */,
				5B1AE73A2476DE4400545AD7 /* SendStatusMarkSignView.swift */,
			);
			path = Conversation;
			sourceTree = "<group>";
		};
		5BCB68EE246D9B12009B2471 /* LoginScreen */ = {
			isa = PBXGroup;
			children = (
				5BCB68EC246D9AE2009B2471 /* LoginScreenViewController.swift */,
			);
			path = LoginScreen;
			sourceTree = "<group>";
		};
		5BD54E1223D505F9004A0AA2 /* Buttons */ = {
			isa = PBXGroup;
			children = (
				5B7FFBC623C2A442009D2854 /* CatinderImageButton.swift */,
				5B98EF84243F43C800BC93E9 /* CatinderNavigationButton.swift */,
				5B956FAB23D4289B008A53B6 /* CatinderPrimaryTextButton.swift */,
				5BD54E1023D50381004A0AA2 /* CatinderSecondaryTextButton.swift */,
			);
			path = Buttons;
			sourceTree = "<group>";
		};
		5BD54E1323D50743004A0AA2 /* UIStackView */ = {
			isa = PBXGroup;
			children = (
				5B244CA523BF9AB60099B975 /* UIStackView + Extensions.swift */,
				5BD54E1423D5075A004A0AA2 /* HStackView.swift */,
				5BD54E1623D5077E004A0AA2 /* VStackView.swift */,
			);
			path = UIStackView;
			sourceTree = "<group>";
		};
		5BD8724824757A7A0025B977 /* UITableView */ = {
			isa = PBXGroup;
			children = (
				5BD8724424757A5D0025B977 /* UITableView + Extensions.swift */,
				5BD8724624757A740025B977 /* UITableViewCell + Extensions.swift */,
			);
			path = UITableView;
			sourceTree = "<group>";
		};
		5BD8BE9723C687F800D9943B /* Managers */ = {
			isa = PBXGroup;
			children = (
				5BE56BB623E8BD59000374C2 /* AuthenticationManager.swift */,
				5BD8BE9523C687C900D9943B /* DataManager.swift */,
				5B5430A923DEC3C5000F9F81 /* NetworkManager.swift */,
			);
			path = Managers;
			sourceTree = "<group>";
		};
		5BF12FCF245F0D4A004DA5C0 /* UICollectionView */ = {
			isa = PBXGroup;
			children = (
				5BF12FCD245F0D44004DA5C0 /* UICollectionView + Extensions.swift */,
				5BF12FCB245F0D1A004DA5C0 /* UICollectionViewCell + Extension.swift */,
			);
			path = UICollectionView;
			sourceTree = "<group>";
		};
/* End PBXGroup section */

/* Begin PBXNativeTarget section */
		5B139E6223B777F800BE73E7 /* Catinder */ = {
			isa = PBXNativeTarget;
			buildConfigurationList = 5B139E7523B777FA00BE73E7 /* Build configuration list for PBXNativeTarget "Catinder" */;
			buildPhases = (
				5B139E5F23B777F800BE73E7 /* Sources */,
				5B139E6023B777F800BE73E7 /* Frameworks */,
				5B139E6123B777F800BE73E7 /* Resources */,
			);
			buildRules = (
			);
			dependencies = (
			);
			name = Catinder;
			productName = Catinder;
			productReference = 5B139E6323B777F800BE73E7 /* Catinder.app */;
			productType = "com.apple.product-type.application";
		};
/* End PBXNativeTarget section */

/* Begin PBXProject section */
		5B139E5B23B777F800BE73E7 /* Project object */ = {
			isa = PBXProject;
			attributes = {
				LastSwiftUpdateCheck = 1020;
				LastUpgradeCheck = 1020;
				ORGANIZATIONNAME = "Aleksey Paykachev";
				TargetAttributes = {
					5B139E6223B777F800BE73E7 = {
						CreatedOnToolsVersion = 10.2.1;
					};
				};
			};
			buildConfigurationList = 5B139E5E23B777F800BE73E7 /* Build configuration list for PBXProject "Catinder" */;
			compatibilityVersion = "Xcode 9.3";
			developmentRegion = en;
			hasScannedForEncodings = 0;
			knownRegions = (
				en,
				Base,
			);
			mainGroup = 5B139E5A23B777F800BE73E7;
			productRefGroup = 5B139E6423B777F800BE73E7 /* Products */;
			projectDirPath = "";
			projectRoot = "";
			targets = (
				5B139E6223B777F800BE73E7 /* Catinder */,
			);
		};
/* End PBXProject section */

/* Begin PBXResourcesBuildPhase section */
		5B139E6123B777F800BE73E7 /* Resources */ = {
			isa = PBXResourcesBuildPhase;
			buildActionMask = 2147483647;
			files = (
				5B139E7123B777FA00BE73E7 /* LaunchScreen.storyboard in Resources */,
				5B139E6E23B777FA00BE73E7 /* Assets.xcassets in Resources */,
			);
			runOnlyForDeploymentPostprocessing = 0;
		};
/* End PBXResourcesBuildPhase section */

/* Begin PBXSourcesBuildPhase section */
		5B139E5F23B777F800BE73E7 /* Sources */ = {
			isa = PBXSourcesBuildPhase;
			buildActionMask = 2147483647;
			files = (
				5BC4194F23DB321F00E98AA9 /* ConversationViewController.swift in Sources */,
				5B3BCA0F23E0356500092DD5 /* Message.swift in Sources */,
				5B139E7D23B7851700BE73E7 /* BottomMenuView.swift in Sources */,
				5B41EBE123E5916700D99CA6 /* ConversationTextInputView.swift in Sources */,
				5B7FFBC723C2A442009D2854 /* CatinderImageButton.swift in Sources */,
				5B9EC59F249850B200EA3322 /* LoginData.swift in Sources */,
				5B37744323CE75FA00698427 /* CatinderImagePicker.swift in Sources */,
				5BC4195523DB3AFE00E98AA9 /* ConversationMessageCell.swift in Sources */,
				5BE56BB723E8BD59000374C2 /* AuthenticationManager.swift in Sources */,
				5B2DBA7523B9DA5900BACB52 /* CardsStackView.swift in Sources */,
				5BD54E1523D5075A004A0AA2 /* HStackView.swift in Sources */,
				5B7FFBCC23C2AABC009D2854 /* ProfileEditorViewController.swift in Sources */,
				5B72F00E2461B83B0057D38F /* ProfileEditorExpandableFieldCell.swift in Sources */,
				5B8B1D8D23B7C57F00543F20 /* Profile.swift in Sources */,
				5B5A9D7223D1422F00C7FF85 /* MatchSplashScreenViewController.swift in Sources */,
				5BF12FCE245F0D44004DA5C0 /* UICollectionView + Extensions.swift in Sources */,
				5B875FE723DC00F900408EDC /* ConversationViewModel.swift in Sources */,
				5BFC059923C54954005C7FC1 /* ProfileEditorFieldCell.swift in Sources */,
				5B6613862447BDD700E214E8 /* PhotoSelectorLayout.swift in Sources */,
				5B875FE523DC00E200408EDC /* ConversationMessageViewModel.swift in Sources */,
				5B98EF87243F445F00BC93E9 /* CatinderCircleBarButtonItem.swift in Sources */,
				5BB2ED0A23DD5900008AA5E6 /* UIViewController + Catinder Extensions.swift in Sources */,
				5B139E7B23B7850500BE73E7 /* TopMenuView.swift in Sources */,
				5BF37D4624360A9D00347053 /* ProfilePhotoSelectorViewController.swift in Sources */,
				5B1C8D112442683B00A6D91A /* PhotoPreviewsViewer.swift in Sources */,
				5BD8BE9623C687C900D9943B /* DataManager.swift in Sources */,
				5B197FF423D6966D006DFB9E /* GradientView.swift in Sources */,
				5B81A26823D7F28100565F4A /* LastMessageViewModel.swift in Sources */,
				5B5430AA23DEC3C5000F9F81 /* NetworkManager.swift in Sources */,
				5B457F5123D7F0BD00A630F9 /* LastMessageCell.swift in Sources */,
				5B07A50C23D13A6500122190 /* Collection + Extensions.swift in Sources */,
				5BD54E1123D50381004A0AA2 /* CatinderSecondaryTextButton.swift in Sources */,
				5B746EF923C8C56600063374 /* UILabel + Extensions.swift in Sources */,
				5BF12FCC245F0D1A004DA5C0 /* UICollectionViewCell + Extension.swift in Sources */,
				5B96C7FD23BE713A00BFB4D0 /* Angle.swift in Sources */,
				5B1C8D1324427EB200A6D91A /* Colors.swift in Sources */,
				5BD646DB24631473000DC15A /* NetworkEmulator.swift in Sources */,
				5B139E6923B777F800BE73E7 /* CardsViewerViewController.swift in Sources */,
				5BDFCF05244A747B006A523A /* Array + Extensions.swift in Sources */,
				5B07A50A23D12E9D00122190 /* CALayer + Extensions.swift in Sources */,
				5B746EFB23C8C94000063374 /* ProfileViewModel.swift in Sources */,
				5B1537D52462DF7100ED7FC8 /* NotificationMessageView.swift in Sources */,
				5B1C8D0F2442632B00A6D91A /* PhotoPreviewCell.swift in Sources */,
				5B5AD28123C8BF3C00D5B6D7 /* ProfileViewerViewController.swift in Sources */,
				5BD8724724757A740025B977 /* UITableViewCell + Extensions.swift in Sources */,
				5B8FB3D923BE946600041B23 /* CardViewModel.swift in Sources */,
				5B72293423E07063003B6BD4 /* Match.swift in Sources */,
				5BD9B09523CFDDC9000E5028 /* CGColor + Extensions.swift in Sources */,
				5B457F4E23D7DAE300A630F9 /* LastMessagesViewController.swift in Sources */,
				5B244CA623BF9AB60099B975 /* UIStackView + Extensions.swift in Sources */,
				5B197FF223D67C0E006DFB9E /* MatchViewModel.swift in Sources */,
				5BF4C40E2470578C00E4624D /* CatinderTextField.swift in Sources */,
				5B139E6723B777F800BE73E7 /* AppDelegate.swift in Sources */,
				5B04923F23D69F9400639802 /* RelationshipDecision.swift in Sources */,
				5B035D4B23D299D100542242 /* CGSize + Extensions.swift in Sources */,
				5B98EF85243F43C800BC93E9 /* CatinderNavigationButton.swift in Sources */,
				5B139E8123B7873200BE73E7 /* UIView + Extensions.swift in Sources */,
				5B1AE73B2476DE4500545AD7 /* SendStatusMarkSignView.swift in Sources */,
				5B139E7F23B7853000BE73E7 /* CardView.swift in Sources */,
				5B1B84CD2438A69300F0091F /* PhotoSelectorCell.swift in Sources */,
				5B41EBE323E5956800D99CA6 /* String + Extensions.swift in Sources */,
				5B956FAC23D4289B008A53B6 /* CatinderPrimaryTextButton.swift in Sources */,
				5BDACB67245ED32700A4DEA1 /* CatinderActivityIndicatorView.swift in Sources */,
				5BC68D5C23BF29E500DE9E82 /* CatinderPageControl.swift in Sources */,
				5B77BD672493E56E000838C0 /* ActionButtonCell.swift in Sources */,
				5BDACB69245ED79000A4DEA1 /* CatinderImageView.swift in Sources */,
				5BD54E1723D5077E004A0AA2 /* VStackView.swift in Sources */,
				5BCB68ED246D9AE2009B2471 /* LoginScreenViewController.swift in Sources */,
				5BD8724524757A5D0025B977 /* UITableView + Extensions.swift in Sources */,
				5BAE16FB23D95839007D3EA4 /* CatinderNavigationController.swift in Sources */,
				5B30C22B246DF07900734CF8 /* KeyboardNotificationInfo.swift in Sources */,
			);
			runOnlyForDeploymentPostprocessing = 0;
		};
/* End PBXSourcesBuildPhase section */

/* Begin PBXVariantGroup section */
		5B139E6F23B777FA00BE73E7 /* LaunchScreen.storyboard */ = {
			isa = PBXVariantGroup;
			children = (
				5B139E7023B777FA00BE73E7 /* Base */,
			);
			name = LaunchScreen.storyboard;
			sourceTree = "<group>";
		};
/* End PBXVariantGroup section */

/* Begin XCBuildConfiguration section */
		5B139E7323B777FA00BE73E7 /* Debug */ = {
			isa = XCBuildConfiguration;
			buildSettings = {
				ALWAYS_SEARCH_USER_PATHS = NO;
				CLANG_ANALYZER_NONNULL = YES;
				CLANG_ANALYZER_NUMBER_OBJECT_CONVERSION = YES_AGGRESSIVE;
				CLANG_CXX_LANGUAGE_STANDARD = "gnu++14";
				CLANG_CXX_LIBRARY = "libc++";
				CLANG_ENABLE_MODULES = YES;
				CLANG_ENABLE_OBJC_ARC = YES;
				CLANG_ENABLE_OBJC_WEAK = YES;
				CLANG_WARN_BLOCK_CAPTURE_AUTORELEASING = YES;
				CLANG_WARN_BOOL_CONVERSION = YES;
				CLANG_WARN_COMMA = YES;
				CLANG_WARN_CONSTANT_CONVERSION = YES;
				CLANG_WARN_DEPRECATED_OBJC_IMPLEMENTATIONS = YES;
				CLANG_WARN_DIRECT_OBJC_ISA_USAGE = YES_ERROR;
				CLANG_WARN_DOCUMENTATION_COMMENTS = YES;
				CLANG_WARN_EMPTY_BODY = YES;
				CLANG_WARN_ENUM_CONVERSION = YES;
				CLANG_WARN_INFINITE_RECURSION = YES;
				CLANG_WARN_INT_CONVERSION = YES;
				CLANG_WARN_NON_LITERAL_NULL_CONVERSION = YES;
				CLANG_WARN_OBJC_IMPLICIT_RETAIN_SELF = YES;
				CLANG_WARN_OBJC_LITERAL_CONVERSION = YES;
				CLANG_WARN_OBJC_ROOT_CLASS = YES_ERROR;
				CLANG_WARN_RANGE_LOOP_ANALYSIS = YES;
				CLANG_WARN_STRICT_PROTOTYPES = YES;
				CLANG_WARN_SUSPICIOUS_MOVE = YES;
				CLANG_WARN_UNGUARDED_AVAILABILITY = YES_AGGRESSIVE;
				CLANG_WARN_UNREACHABLE_CODE = YES;
				CLANG_WARN__DUPLICATE_METHOD_MATCH = YES;
				CODE_SIGN_IDENTITY = "iPhone Developer";
				COPY_PHASE_STRIP = NO;
				DEBUG_INFORMATION_FORMAT = dwarf;
				ENABLE_STRICT_OBJC_MSGSEND = YES;
				ENABLE_TESTABILITY = YES;
				GCC_C_LANGUAGE_STANDARD = gnu11;
				GCC_DYNAMIC_NO_PIC = NO;
				GCC_NO_COMMON_BLOCKS = YES;
				GCC_OPTIMIZATION_LEVEL = 0;
				GCC_PREPROCESSOR_DEFINITIONS = (
					"DEBUG=1",
					"$(inherited)",
				);
				GCC_WARN_64_TO_32_BIT_CONVERSION = YES;
				GCC_WARN_ABOUT_RETURN_TYPE = YES_ERROR;
				GCC_WARN_UNDECLARED_SELECTOR = YES;
				GCC_WARN_UNINITIALIZED_AUTOS = YES_AGGRESSIVE;
				GCC_WARN_UNUSED_FUNCTION = YES;
				GCC_WARN_UNUSED_VARIABLE = YES;
				IPHONEOS_DEPLOYMENT_TARGET = 12.2;
				MTL_ENABLE_DEBUG_INFO = INCLUDE_SOURCE;
				MTL_FAST_MATH = YES;
				ONLY_ACTIVE_ARCH = YES;
				SDKROOT = iphoneos;
				SWIFT_ACTIVE_COMPILATION_CONDITIONS = DEBUG;
				SWIFT_OPTIMIZATION_LEVEL = "-Onone";
			};
			name = Debug;
		};
		5B139E7423B777FA00BE73E7 /* Release */ = {
			isa = XCBuildConfiguration;
			buildSettings = {
				ALWAYS_SEARCH_USER_PATHS = NO;
				CLANG_ANALYZER_NONNULL = YES;
				CLANG_ANALYZER_NUMBER_OBJECT_CONVERSION = YES_AGGRESSIVE;
				CLANG_CXX_LANGUAGE_STANDARD = "gnu++14";
				CLANG_CXX_LIBRARY = "libc++";
				CLANG_ENABLE_MODULES = YES;
				CLANG_ENABLE_OBJC_ARC = YES;
				CLANG_ENABLE_OBJC_WEAK = YES;
				CLANG_WARN_BLOCK_CAPTURE_AUTORELEASING = YES;
				CLANG_WARN_BOOL_CONVERSION = YES;
				CLANG_WARN_COMMA = YES;
				CLANG_WARN_CONSTANT_CONVERSION = YES;
				CLANG_WARN_DEPRECATED_OBJC_IMPLEMENTATIONS = YES;
				CLANG_WARN_DIRECT_OBJC_ISA_USAGE = YES_ERROR;
				CLANG_WARN_DOCUMENTATION_COMMENTS = YES;
				CLANG_WARN_EMPTY_BODY = YES;
				CLANG_WARN_ENUM_CONVERSION = YES;
				CLANG_WARN_INFINITE_RECURSION = YES;
				CLANG_WARN_INT_CONVERSION = YES;
				CLANG_WARN_NON_LITERAL_NULL_CONVERSION = YES;
				CLANG_WARN_OBJC_IMPLICIT_RETAIN_SELF = YES;
				CLANG_WARN_OBJC_LITERAL_CONVERSION = YES;
				CLANG_WARN_OBJC_ROOT_CLASS = YES_ERROR;
				CLANG_WARN_RANGE_LOOP_ANALYSIS = YES;
				CLANG_WARN_STRICT_PROTOTYPES = YES;
				CLANG_WARN_SUSPICIOUS_MOVE = YES;
				CLANG_WARN_UNGUARDED_AVAILABILITY = YES_AGGRESSIVE;
				CLANG_WARN_UNREACHABLE_CODE = YES;
				CLANG_WARN__DUPLICATE_METHOD_MATCH = YES;
				CODE_SIGN_IDENTITY = "iPhone Developer";
				COPY_PHASE_STRIP = NO;
				DEBUG_INFORMATION_FORMAT = "dwarf-with-dsym";
				ENABLE_NS_ASSERTIONS = NO;
				ENABLE_STRICT_OBJC_MSGSEND = YES;
				GCC_C_LANGUAGE_STANDARD = gnu11;
				GCC_NO_COMMON_BLOCKS = YES;
				GCC_WARN_64_TO_32_BIT_CONVERSION = YES;
				GCC_WARN_ABOUT_RETURN_TYPE = YES_ERROR;
				GCC_WARN_UNDECLARED_SELECTOR = YES;
				GCC_WARN_UNINITIALIZED_AUTOS = YES_AGGRESSIVE;
				GCC_WARN_UNUSED_FUNCTION = YES;
				GCC_WARN_UNUSED_VARIABLE = YES;
				IPHONEOS_DEPLOYMENT_TARGET = 12.2;
				MTL_ENABLE_DEBUG_INFO = NO;
				MTL_FAST_MATH = YES;
				SDKROOT = iphoneos;
				SWIFT_COMPILATION_MODE = wholemodule;
				SWIFT_OPTIMIZATION_LEVEL = "-O";
				VALIDATE_PRODUCT = YES;
			};
			name = Release;
		};
		5B139E7623B777FA00BE73E7 /* Debug */ = {
			isa = XCBuildConfiguration;
			buildSettings = {
				ASSETCATALOG_COMPILER_APPICON_NAME = AppIcon;
				CODE_SIGN_STYLE = Automatic;
				DEVELOPMENT_TEAM = D2886KUG27;
				INFOPLIST_FILE = Catinder/Info.plist;
				IPHONEOS_DEPLOYMENT_TARGET = 13.2;
				LD_RUNPATH_SEARCH_PATHS = (
					"$(inherited)",
					"@executable_path/Frameworks",
				);
				PRODUCT_BUNDLE_IDENTIFIER = com.apaykachev.Catinder;
				PRODUCT_NAME = "$(TARGET_NAME)";
				SWIFT_VERSION = 5.0;
				TARGETED_DEVICE_FAMILY = 1;
			};
			name = Debug;
		};
		5B139E7723B777FA00BE73E7 /* Release */ = {
			isa = XCBuildConfiguration;
			buildSettings = {
				ASSETCATALOG_COMPILER_APPICON_NAME = AppIcon;
				CODE_SIGN_STYLE = Automatic;
				DEVELOPMENT_TEAM = D2886KUG27;
				INFOPLIST_FILE = Catinder/Info.plist;
				IPHONEOS_DEPLOYMENT_TARGET = 13.2;
				LD_RUNPATH_SEARCH_PATHS = (
					"$(inherited)",
					"@executable_path/Frameworks",
				);
				PRODUCT_BUNDLE_IDENTIFIER = com.apaykachev.Catinder;
				PRODUCT_NAME = "$(TARGET_NAME)";
				SWIFT_VERSION = 5.0;
				TARGETED_DEVICE_FAMILY = 1;
			};
			name = Release;
		};
/* End XCBuildConfiguration section */

/* Begin XCConfigurationList section */
		5B139E5E23B777F800BE73E7 /* Build configuration list for PBXProject "Catinder" */ = {
			isa = XCConfigurationList;
			buildConfigurations = (
				5B139E7323B777FA00BE73E7 /* Debug */,
				5B139E7423B777FA00BE73E7 /* Release */,
			);
			defaultConfigurationIsVisible = 0;
			defaultConfigurationName = Release;
		};
		5B139E7523B777FA00BE73E7 /* Build configuration list for PBXNativeTarget "Catinder" */ = {
			isa = XCConfigurationList;
			buildConfigurations = (
				5B139E7623B777FA00BE73E7 /* Debug */,
				5B139E7723B777FA00BE73E7 /* Release */,
			);
			defaultConfigurationIsVisible = 0;
			defaultConfigurationName = Release;
		};
/* End XCConfigurationList section */
	};
	rootObject = 5B139E5B23B777F800BE73E7 /* Project object */;
}
